symfony 7cb402d806a9615cf8bcafcfd049da00914b45f8
twig 396435ecd05556adb0a8bd05b14641cb4f8a8aa5
monolog 303b8a83c87d5c6d749926cf02620465a5dcd0f2
doctrine-common 174111c8d245d560e1af4c7455b730347f85686d
doctrine-dbal 54f474b3c321676ceadbe4288396902405d87756
doctrine 05d12e20be58ab4d5fa403c5bd6ac06d1fce97e5
swiftmailer 1f273a7cd466a2dd82e59431dd5ce15f36996688
assetic 3333d371c4511abcdec7bad86e15ac2be3b10f03
twig-extensions eba4f5d572bec05c72a47bbd73ba0a3330cf8f54
metadata b633dd5cf8997c27e8a4942108aede2a998606a5
SensioFrameworkExtraBundle b6565d32d71325be1f56943a8758b18f5999de8c
JMSSecurityExtraBundle e9dec5e2c06a2787bc1515dedbe6d46f8e45dc45
JMSAopBundle 16106fc6297a6257f5860af4c5099bba4a859128
cg-library 07dc64df71b926ec12e9c50c8860fe8b7818b81b
JMSDiExtraBundle 6fdd3c265a70affaac1f99ae04d42f718108e4bf
SensioDistributionBundle a186b53154bc137a65802ef567e4a2eee2082d21
SensioGeneratorBundle 88ecf05691825c81b6a19ca6e2dc1849f1a5dcd4
AsseticBundle 9c1b7269a4517d1ae94af2dc0d6d6fc4b31e6c10
SonatajQueryBundle cb7039bd694711e17b4db675434eb4ab8bc65d95
SonataBluePrintBundle 3afb460b93d5e5933ff95b723d239b9864dc5e84
SonataUserBundle aa72a6c00745f6fede061245e5e97d889df99a52
SonataAdminBundle 4e48e9efde45d6e49d4cda240f93c63eb86c80ba
MenuBundle ad44889edc68fce494a84f74156e9a8ba2fedf7c
KnpMenu ef1f54734e490f0e02b43e0158fc4b1dbbccee27
doctrine-fixtures 3ef3f667cc7a4552beee2fc4abefd4da1a43557c
DoctrineFixturesBundle a66be2f077f3a4e5c3801b356b42b8782f1abbd6
DoctrineExtensions 03a3733308991320b06cc11c9f6b96afc4e1ef82
DoctrineExtensionsBundle ef47aa2d130d912acc6f3ec4afa34b733f2a9583