symfony 7cb402d806a9615cf8bcafcfd049da00914b45f8
twig 396435ecd05556adb0a8bd05b14641cb4f8a8aa5
monolog 303b8a83c87d5c6d749926cf02620465a5dcd0f2
doctrine-common 174111c8d245d560e1af4c7455b730347f85686d
doctrine-dbal 54f474b3c321676ceadbe4288396902405d87756
doctrine 05d12e20be58ab4d5fa403c5bd6ac06d1fce97e5
swiftmailer 1f273a7cd466a2dd82e59431dd5ce15f36996688
assetic 3333d371c4511abcdec7bad86e15ac2be3b10f03
twig-extensions d5851b96f06442e74590e5540a4209e9e3946243
metadata 97a9d29120d5cfe93550609a93135dbed3f89be3
SensioFrameworkExtraBundle dcd40eb4e2fff2d82fad644bb44fc2a40ccaf381
JMSSecurityExtraBundle 7e805acd9554efac796d0f350aed1c070e0a1536
JMSAopBundle 19856aedb285d3731334f8f7327af0020ab4914b
cg-library b10707095ae95b1190d0f445c37718e07982dbcc
JMSDiExtraBundle 10892342395f1dd4fa22e59d6f686bec6cdc321b
SensioDistributionBundle 2e0060d701949d2ad4b32c6c3c6c50c0d8f75fba
SensioGeneratorBundle c6af9719ae9e81fa4e086f40697d35e7090921cc
AsseticBundle 9c1b7269a4517d1ae94af2dc0d6d6fc4b31e6c10
SonatajQueryBundle cb7039bd694711e17b4db675434eb4ab8bc65d95
SonataBluePrintBundle 3afb460b93d5e5933ff95b723d239b9864dc5e84
SonataUserBundle aa72a6c00745f6fede061245e5e97d889df99a52
SonataAdminBundle da9df1c336510bf596d1c39c29c314246e0cfdbb
MenuBundle 02131e83825836bc335a9695179d1ecb17e1d927
KnpMenu cd2e412eadb48eeba01961ec1142f4966de8b16d
doctrine-fixtures 3ef3f667cc7a4552beee2fc4abefd4da1a43557c
DoctrineFixturesBundle a66be2f077f3a4e5c3801b356b42b8782f1abbd6
DoctrineExtensions ff51d6bd3d57938027fd16059de4f8e573faa470
DoctrineExtensionsBundle 325df80948419a04498cce535a271a0b40baf457
FOSUserBundle 47f3a7a522f2892c8e12d529e9af041888f044aa