symfony 7f97b60d50031e4f1beb9a1a10c32dac816584cf
twig 9154d27622a349fb1986cb9d48014c464a0e9d5b
monolog b704c49a3051536f67f2d39f13568f74615b9922
doctrine-common b886898821288d305862ee9c567cc5b5cbb4c0dc
doctrine-dbal 148a049df448af9772259e69a034e51c0c080805
doctrine e1647229cd2544bd77f10620e1b95a5781c4a733
swiftmailer 982b4c9498b7dd85e70f6d35e65d909c888e6345
assetic f829ad23d23c87480151a21faad49fefe7c09e5d
twig-extensions 1dfff8e793f50f651c4f74f796c2c68a4aee3147
metadata 8717ad2a5689480765d9ffafe925cd8a2457e582
SensioFrameworkExtraBundle 638f545b7020b9e9d5944a7e3167f60ed848250d
JMSSecurityExtraBundle 541a4c242328dc04b99540c75346cc74a7c0cfb5
SensioDistributionBundle 20b66a408084ad8752f98e50f10533f5245310bf
SensioGeneratorBundle 009b7993984c84f171af72f0df3e188b52a47a3a
AsseticBundle 41b5913b5086a0909af92adcb4a6005ee0051b16
JMSAopBundle 431569cae2005e42fe502a55165a7b1fb9593bf3
cg-library 13714f7ba832080e11f65c077c495439d68b62d1
JMSDiExtraBundle 57c1e355d64c444826e41c449494346d7a893624
MenuBundle 9e53693a3b61ea0f4af765bed2a3f013524ce855
KnpMenu e8cf9f3deef4a3d3f6c54ee640c75e8e2dd46e56
doctrine-fixtures ffee818a6e3af526b774de11b690a36512fa6235
DoctrineFixturesBundle a66be2f077f3a4e5c3801b356b42b8782f1abbd6
DoctrineExtensions 422e861305a3b9b54ccd4b451b4d6fb32a48ce87
DoctrineExtensionsBundle e237d8f008c558f8a82c0d6d41281b0dd8d2ec74
FOSUserBundle 2c772129ddacdb9ae7dfad54b408041e2475e77e
JMSTranslationBundle 991d3e8c7002317f240b2fa09181ed6508a975a7
php-parser 584f6b0ab33a2dbd64768031eab737a25a5e007c
TinymceBundle 9cc131d47808c0ded2cc91a54d8fa2746088a954